
Microsoft Visual Studio Solution File, Format Version 12.00
# Visual Studio Version 16
VisualStudioVersion = 16.0.30517.126
MinimumVisualStudioVersion = 10.0.40219.1
Project("{FAE04EC0-301F-11D3-BF4B-00C04F79EFBC}") = "BinarySearchTreeDemo", "BinarySearchTreeDemo\BinarySearchTreeDemo.csproj", "{55E36228-2C0D-4861-96C8-0FB9DAE524AB}"
EndProject
Global
	GlobalSection(SolutionConfigurationPlatforms) = preSolution
		Debug|Any CPU = Debug|Any CPU
		Release|Any CPU = Release|Any CPU
	EndGlobalSection
	GlobalSection(ProjectConfigurationPlatforms) = postSolution
		{55E36228-2C0D-4861-96C8-0FB9DAE524AB}.Debug|Any CPU.ActiveCfg = Debug|Any CPU
		{55E36228-2C0D-4861-96C8-0FB9DAE524AB}.Debug|Any CPU.Build.0 = Debug|Any CPU
		{55E36228-2C0D-4861-96C8-0FB9DAE524AB}.Release|Any CPU.ActiveCfg = Release|Any CPU
		{55E36228-2C0D-4861-96C8-0FB9DAE524AB}.Release|Any CPU.Build.0 = Release|Any CPU
	EndGlobalSection
	GlobalSection(SolutionProperties) = preSolution
		HideSolutionNode = FALSE
	EndGlobalSection
	GlobalSection(ExtensibilityGlobals) = postSolution
		SolutionGuid = {9189D896-7A24-4EBF-A922-4206E7C650CB}
	EndGlobalSection
EndGlobal
